
Microsoft Visual Studio Solution File, Format Version 12.00
# Visual Studio 14
VisualStudioVersion = 14.0.23107.0
MinimumVisualStudioVersion = 10.0.40219.1
Project("{2150E333-8FDC-42A3-9474-1A3956D46DE8}") = "src", "src", "{AE24F6DF-393D-4184-B70A-96BDD67ED43B}"
EndProject
Project("{2150E333-8FDC-42A3-9474-1A3956D46DE8}") = "Solution Items", "Solution Items", "{0B0CFE5B-AA44-49D7-BCC1-73E50A0D50C3}"
	ProjectSection(SolutionItems) = preProject
		global.json = global.json
		NuGet.Config = NuGet.Config
	EndProjectSection
EndProject
Project("{8BB2217D-0F2D-49D1-97BC-3654ED321F3B}") = "DependencyDemo", "src\DependencyDemo\DependencyDemo.xproj", "{D88929A0-0D37-4F51-8470-5CEEFE4244E7}"
EndProject
Global
	GlobalSection(SolutionConfigurationPlatforms) = preSolution
		Debug|Any CPU = Debug|Any CPU
		Release|Any CPU = Release|Any CPU
	EndGlobalSection
	GlobalSection(ProjectConfigurationPlatforms) = postSolution
		{D88929A0-0D37-4F51-8470-5CEEFE4244E7}.Debug|Any CPU.ActiveCfg = Debug|Any CPU
		{D88929A0-0D37-4F51-8470-5CEEFE4244E7}.Debug|Any CPU.Build.0 = Debug|Any CPU
		{D88929A0-0D37-4F51-8470-5CEEFE4244E7}.Release|Any CPU.ActiveCfg = Release|Any CPU
		{D88929A0-0D37-4F51-8470-5CEEFE4244E7}.Release|Any CPU.Build.0 = Release|Any CPU
	EndGlobalSection
	GlobalSection(SolutionProperties) = preSolution
		HideSolutionNode = FALSE
	EndGlobalSection
	GlobalSection(NestedProjects) = preSolution
		{D88929A0-0D37-4F51-8470-5CEEFE4244E7} = {AE24F6DF-393D-4184-B70A-96BDD67ED43B}
	EndGlobalSection
EndGlobal
